
Microsoft Visual Studio Solution File, Format Version 12.00
# Visual Studio Version 17
VisualStudioVersion = 17.3.32901.215
MinimumVisualStudioVersion = 10.0.40219.1
Project("{FAE04EC0-301F-11D3-BF4B-00C04F79EFBC}") = "L5_2_GGFB1096622", "L5_2_GGFB1096622.csproj", "{3A3930CA-8196-48CA-8DE3-58E016BC8A40}"
EndProject
Global
	GlobalSection(SolutionConfigurationPlatforms) = preSolution
		Debug|Any CPU = Debug|Any CPU
		Release|Any CPU = Release|Any CPU
	EndGlobalSection
	GlobalSection(ProjectConfigurationPlatforms) = postSolution
		{3A3930CA-8196-48CA-8DE3-58E016BC8A40}.Debug|Any CPU.ActiveCfg = Debug|Any CPU
		{3A3930CA-8196-48CA-8DE3-58E016BC8A40}.Debug|Any CPU.Build.0 = Debug|Any CPU
		{3A3930CA-8196-48CA-8DE3-58E016BC8A40}.Release|Any CPU.ActiveCfg = Release|Any CPU
		{3A3930CA-8196-48CA-8DE3-58E016BC8A40}.Release|Any CPU.Build.0 = Release|Any CPU
	EndGlobalSection
	GlobalSection(SolutionProperties) = preSolution
		HideSolutionNode = FALSE
	EndGlobalSection
	GlobalSection(ExtensibilityGlobals) = postSolution
		SolutionGuid = {BC52074C-8C76-4AE1-9A75-79E313F3052A}
	EndGlobalSection
EndGlobal
